
Microsoft Visual Studio Solution File, Format Version 12.00
# Visual Studio Version 17
VisualStudioVersion = 17.6.33712.159
MinimumVisualStudioVersion = 10.0.40219.1
Project("{9A19103F-16F7-4668-BE54-9A1E7A4F7556}") = "Verion", "Verion.csproj", "{2B30A367-6F5A-4DB3-AC3D-17268650DF27}"
EndProject
Project("{2150E333-8FDC-42A3-9474-1A3956D46DE8}") = "Solution Items", "Solution Items", "{DC367436-E3F2-4E9B-B64D-A0EA1B6B9CC6}"
	ProjectSection(SolutionItems) = preProject
		.editorconfig = .editorconfig
	EndProjectSection
EndProject
Global
	GlobalSection(SolutionConfigurationPlatforms) = preSolution
		Debug|Any CPU = Debug|Any CPU
		Release|Any CPU = Release|Any CPU
	EndGlobalSection
	GlobalSection(ProjectConfigurationPlatforms) = postSolution
		{2B30A367-6F5A-4DB3-AC3D-17268650DF27}.Debug|Any CPU.ActiveCfg = Debug|Any CPU
		{2B30A367-6F5A-4DB3-AC3D-17268650DF27}.Debug|Any CPU.Build.0 = Debug|Any CPU
		{2B30A367-6F5A-4DB3-AC3D-17268650DF27}.Release|Any CPU.ActiveCfg = Release|Any CPU
		{2B30A367-6F5A-4DB3-AC3D-17268650DF27}.Release|Any CPU.Build.0 = Release|Any CPU
	EndGlobalSection
	GlobalSection(SolutionProperties) = preSolution
		HideSolutionNode = FALSE
	EndGlobalSection
	GlobalSection(ExtensibilityGlobals) = postSolution
		SolutionGuid = {7224DDC4-A548-464B-9B96-F8313AAA493A}
	EndGlobalSection
EndGlobal
